Microsoft Visual Studio Solution File, Format Version 12.00
# Visual Studio Version 17
VisualStudioVersion = 17.6.33723.286
MinimumVisualStudioVersion = 10.0.40219.1
Project("{8BC9CEB8-8B4A-11D0-8D11-00A0C91BC942}") = "Lux", "Game\src\game\Lux.vcxproj", "{C6E72C29-38A3-4897-AA05-E87B0323AA71}"
EndProject
Project("{8BC9CEB8-8B4A-11D0-8D11-00A0C91BC942}") = "_HPL2_2022", "HPL2\core\_HPL2_2022.vcxproj", "{0780DEC5-A930-4721-9364-17A49D2A4E60}"
EndProject
Global
	GlobalSection(SolutionConfigurationPlatforms) = preSolution
		Debug|x64 = Debug|x64
		Debug|x86 = Debug|x86
		Demo|x64 = Demo|x64
		Demo|x86 = Demo|x86
		Release_NoHPLMain|x64 = Release_NoHPLMain|x64
		Release_NoHPLMain|x86 = Release_NoHPLMain|x86
		Release|x64 = Release|x64
		Release|x86 = Release|x86
	EndGlobalSection
	GlobalSection(ProjectConfigurationPlatforms) = postSolution
		{C6E72C29-38A3-4897-AA05-E87B0323AA71}.Debug|x64.ActiveCfg = Debug|x64
		{C6E72C29-38A3-4897-AA05-E87B0323AA71}.Debug|x64.Build.0 = Debug|x64
		{C6E72C29-38A3-4897-AA05-E87B0323AA71}.Debug|x86.ActiveCfg = Debug|Win32
		{C6E72C29-38A3-4897-AA05-E87B0323AA71}.Debug|x86.Build.0 = Debug|Win32
		{C6E72C29-38A3-4897-AA05-E87B0323AA71}.Demo|x64.ActiveCfg = Demo|x64
		{C6E72C29-38A3-4897-AA05-E87B0323AA71}.Demo|x64.Build.0 = Demo|x64
		{C6E72C29-38A3-4897-AA05-E87B0323AA71}.Demo|x86.ActiveCfg = Demo|Win32
		{C6E72C29-38A3-4897-AA05-E87B0323AA71}.Demo|x86.Build.0 = Demo|Win32
		{C6E72C29-38A3-4897-AA05-E87B0323AA71}.Release_NoHPLMain|x64.ActiveCfg = Release|x64
		{C6E72C29-38A3-4897-AA05-E87B0323AA71}.Release_NoHPLMain|x64.Build.0 = Release|x64
		{C6E72C29-38A3-4897-AA05-E87B0323AA71}.Release_NoHPLMain|x86.ActiveCfg = Release|Win32
		{C6E72C29-38A3-4897-AA05-E87B0323AA71}.Release_NoHPLMain|x86.Build.0 = Release|Win32
		{C6E72C29-38A3-4897-AA05-E87B0323AA71}.Release|x64.ActiveCfg = Release|x64
		{C6E72C29-38A3-4897-AA05-E87B0323AA71}.Release|x64.Build.0 = Release|x64
		{C6E72C29-38A3-4897-AA05-E87B0323AA71}.Release|x86.ActiveCfg = Release|Win32
		{C6E72C29-38A3-4897-AA05-E87B0323AA71}.Release|x86.Build.0 = Release|Win32
		{0780DEC5-A930-4721-9364-17A49D2A4E60}.Debug|x64.ActiveCfg = Debug|x64
		{0780DEC5-A930-4721-9364-17A49D2A4E60}.Debug|x64.Build.0 = Debug|x64
		{0780DEC5-A930-4721-9364-17A49D2A4E60}.Debug|x86.ActiveCfg = Debug|Win32
		{0780DEC5-A930-4721-9364-17A49D2A4E60}.Debug|x86.Build.0 = Debug|Win32
		{0780DEC5-A930-4721-9364-17A49D2A4E60}.Demo|x64.ActiveCfg = Debug|x64
		{0780DEC5-A930-4721-9364-17A49D2A4E60}.Demo|x64.Build.0 = Debug|x64
		{0780DEC5-A930-4721-9364-17A49D2A4E60}.Demo|x86.ActiveCfg = Debug|Win32
		{0780DEC5-A930-4721-9364-17A49D2A4E60}.Demo|x86.Build.0 = Debug|Win32
		{0780DEC5-A930-4721-9364-17A49D2A4E60}.Release_NoHPLMain|x64.ActiveCfg = Release_NoHPLMain|x64
		{0780DEC5-A930-4721-9364-17A49D2A4E60}.Release_NoHPLMain|x64.Build.0 = Release_NoHPLMain|x64
		{0780DEC5-A930-4721-9364-17A49D2A4E60}.Release_NoHPLMain|x86.ActiveCfg = Release_NoHPLMain|Win32
		{0780DEC5-A930-4721-9364-17A49D2A4E60}.Release_NoHPLMain|x86.Build.0 = Release_NoHPLMain|Win32
		{0780DEC5-A930-4721-9364-17A49D2A4E60}.Release|x64.ActiveCfg = Release|x64
		{0780DEC5-A930-4721-9364-17A49D2A4E60}.Release|x64.Build.0 = Release|x64
		{0780DEC5-A930-4721-9364-17A49D2A4E60}.Release|x86.ActiveCfg = Release|Win32
		{0780DEC5-A930-4721-9364-17A49D2A4E60}.Release|x86.Build.0 = Release|Win32
	EndGlobalSection
	GlobalSection(SolutionProperties) = preSolution
		HideSolutionNode = FALSE
	EndGlobalSection
	GlobalSection(ExtensibilityGlobals) = postSolution
		SolutionGuid = {CBBFF6F8-2CFD-449A-B427-361CC1F369A3}
	EndGlobalSection
EndGlobal
